
Microsoft Visual Studio Solution File, Format Version 12.00
# Visual Studio Version 17
VisualStudioVersion = 17.7.34018.315
MinimumVisualStudioVersion = 10.0.40219.1
Project("{FAE04EC0-301F-11D3-BF4B-00C04F79EFBC}") = "MadderLibs", "MadderLibs\MadderLibs.csproj", "{CD2E0D1B-EA93-4F8A-A987-352739EE76D8}"
EndProject
Global
	GlobalSection(SolutionConfigurationPlatforms) = preSolution
		Debug|Any CPU = Debug|Any CPU
		Release|Any CPU = Release|Any CPU
	EndGlobalSection
	GlobalSection(ProjectConfigurationPlatforms) = postSolution
		{CD2E0D1B-EA93-4F8A-A987-352739EE76D8}.Debug|Any CPU.ActiveCfg = Debug|Any CPU
		{CD2E0D1B-EA93-4F8A-A987-352739EE76D8}.Debug|Any CPU.Build.0 = Debug|Any CPU
		{CD2E0D1B-EA93-4F8A-A987-352739EE76D8}.Release|Any CPU.ActiveCfg = Release|Any CPU
		{CD2E0D1B-EA93-4F8A-A987-352739EE76D8}.Release|Any CPU.Build.0 = Release|Any CPU
	EndGlobalSection
	GlobalSection(SolutionProperties) = preSolution
		HideSolutionNode = FALSE
	EndGlobalSection
	GlobalSection(ExtensibilityGlobals) = postSolution
		SolutionGuid = {8114156B-FC2A-4CA0-9FEE-746D1A70DD1D}
	EndGlobalSection
EndGlobal
