
Microsoft Visual Studio Solution File, Format Version 12.00
# Visual Studio Version 17
VisualStudioVersion = 17.7.34018.315
MinimumVisualStudioVersion = 10.0.40219.1
Project("{FAE04EC0-301F-11D3-BF4B-00C04F79EFBC}") = "squash_the_bugs", "squash_the_bugs\squash_the_bugs.csproj", "{71D51FF3-13B7-47BC-9B12-C96D990A3C88}"
EndProject
Global
	GlobalSection(SolutionConfigurationPlatforms) = preSolution
		Debug|Any CPU = Debug|Any CPU
		Release|Any CPU = Release|Any CPU
	EndGlobalSection
	GlobalSection(ProjectConfigurationPlatforms) = postSolution
		{71D51FF3-13B7-47BC-9B12-C96D990A3C88}.Debug|Any CPU.ActiveCfg = Debug|Any CPU
		{71D51FF3-13B7-47BC-9B12-C96D990A3C88}.Debug|Any CPU.Build.0 = Debug|Any CPU
		{71D51FF3-13B7-47BC-9B12-C96D990A3C88}.Release|Any CPU.ActiveCfg = Release|Any CPU
		{71D51FF3-13B7-47BC-9B12-C96D990A3C88}.Release|Any CPU.Build.0 = Release|Any CPU
	EndGlobalSection
	GlobalSection(SolutionProperties) = preSolution
		HideSolutionNode = FALSE
	EndGlobalSection
	GlobalSection(ExtensibilityGlobals) = postSolution
		SolutionGuid = {BD3E8A74-91B8-438C-9179-3E842994124D}
	EndGlobalSection
EndGlobal
