
Microsoft Visual Studio Solution File, Format Version 12.00
# Visual Studio Version 17
VisualStudioVersion = 17.7.34018.315
MinimumVisualStudioVersion = 10.0.40219.1
Project("{FAE04EC0-301F-11D3-BF4B-00C04F79EFBC}") = "formulaCalculate", "formulaCalculate\formulaCalculate.csproj", "{CCE7CDA3-8D49-4FD9-9B36-97314BA21CAD}"
EndProject
Global
	GlobalSection(SolutionConfigurationPlatforms) = preSolution
		Debug|Any CPU = Debug|Any CPU
		Release|Any CPU = Release|Any CPU
	EndGlobalSection
	GlobalSection(ProjectConfigurationPlatforms) = postSolution
		{CCE7CDA3-8D49-4FD9-9B36-97314BA21CAD}.Debug|Any CPU.ActiveCfg = Debug|Any CPU
		{CCE7CDA3-8D49-4FD9-9B36-97314BA21CAD}.Debug|Any CPU.Build.0 = Debug|Any CPU
		{CCE7CDA3-8D49-4FD9-9B36-97314BA21CAD}.Release|Any CPU.ActiveCfg = Release|Any CPU
		{CCE7CDA3-8D49-4FD9-9B36-97314BA21CAD}.Release|Any CPU.Build.0 = Release|Any CPU
	EndGlobalSection
	GlobalSection(SolutionProperties) = preSolution
		HideSolutionNode = FALSE
	EndGlobalSection
	GlobalSection(ExtensibilityGlobals) = postSolution
		SolutionGuid = {F89C1B80-C882-476C-9AE5-799F83FEB2E9}
	EndGlobalSection
EndGlobal
