
Microsoft Visual Studio Solution File, Format Version 12.00
# Visual Studio Version 17
VisualStudioVersion = 17.7.34018.315
MinimumVisualStudioVersion = 10.0.40219.1
Project("{FAE04EC0-301F-11D3-BF4B-00C04F79EFBC}") = "Vehicles", "Vehicles\Vehicles.csproj", "{C2EF3F88-93BF-4FA7-A2AA-385A1A7637A7}"
EndProject
Global
	GlobalSection(SolutionConfigurationPlatforms) = preSolution
		Debug|Any CPU = Debug|Any CPU
		Release|Any CPU = Release|Any CPU
	EndGlobalSection
	GlobalSection(ProjectConfigurationPlatforms) = postSolution
		{C2EF3F88-93BF-4FA7-A2AA-385A1A7637A7}.Debug|Any CPU.ActiveCfg = Debug|Any CPU
		{C2EF3F88-93BF-4FA7-A2AA-385A1A7637A7}.Debug|Any CPU.Build.0 = Debug|Any CPU
		{C2EF3F88-93BF-4FA7-A2AA-385A1A7637A7}.Release|Any CPU.ActiveCfg = Release|Any CPU
		{C2EF3F88-93BF-4FA7-A2AA-385A1A7637A7}.Release|Any CPU.Build.0 = Release|Any CPU
	EndGlobalSection
	GlobalSection(SolutionProperties) = preSolution
		HideSolutionNode = FALSE
	EndGlobalSection
	GlobalSection(ExtensibilityGlobals) = postSolution
		SolutionGuid = {08D5D6FA-6A76-4A6A-BB17-CFFD96A552D9}
	EndGlobalSection
EndGlobal
