
Microsoft Visual Studio Solution File, Format Version 12.00
# Visual Studio Version 17
VisualStudioVersion = 17.7.34018.315
MinimumVisualStudioVersion = 10.0.40219.1
Project("{FAE04EC0-301F-11D3-BF4B-00C04F79EFBC}") = "EvictPetApp", "EvictPetApp\EvictPetApp.csproj", "{491D2A02-4BEF-4C06-9293-70741DAEA87B}"
EndProject
Global
	GlobalSection(SolutionConfigurationPlatforms) = preSolution
		Debug|Any CPU = Debug|Any CPU
		Release|Any CPU = Release|Any CPU
	EndGlobalSection
	GlobalSection(ProjectConfigurationPlatforms) = postSolution
		{491D2A02-4BEF-4C06-9293-70741DAEA87B}.Debug|Any CPU.ActiveCfg = Debug|Any CPU
		{491D2A02-4BEF-4C06-9293-70741DAEA87B}.Debug|Any CPU.Build.0 = Debug|Any CPU
		{491D2A02-4BEF-4C06-9293-70741DAEA87B}.Release|Any CPU.ActiveCfg = Release|Any CPU
		{491D2A02-4BEF-4C06-9293-70741DAEA87B}.Release|Any CPU.Build.0 = Release|Any CPU
	EndGlobalSection
	GlobalSection(SolutionProperties) = preSolution
		HideSolutionNode = FALSE
	EndGlobalSection
	GlobalSection(ExtensibilityGlobals) = postSolution
		SolutionGuid = {9FCD0717-1CA6-4923-9254-07D0A3119681}
	EndGlobalSection
EndGlobal
