
Microsoft Visual Studio Solution File, Format Version 12.00
# Visual Studio Version 17
VisualStudioVersion = 17.7.34018.315
MinimumVisualStudioVersion = 10.0.40219.1
Project("{FAE04EC0-301F-11D3-BF4B-00C04F79EFBC}") = "WordQuotes", "WordQuotes\WordQuotes.csproj", "{2A4CEDB8-1F3F-4A1F-875C-60BF841C86DB}"
EndProject
Global
	GlobalSection(SolutionConfigurationPlatforms) = preSolution
		Debug|Any CPU = Debug|Any CPU
		Release|Any CPU = Release|Any CPU
	EndGlobalSection
	GlobalSection(ProjectConfigurationPlatforms) = postSolution
		{2A4CEDB8-1F3F-4A1F-875C-60BF841C86DB}.Debug|Any CPU.ActiveCfg = Debug|Any CPU
		{2A4CEDB8-1F3F-4A1F-875C-60BF841C86DB}.Debug|Any CPU.Build.0 = Debug|Any CPU
		{2A4CEDB8-1F3F-4A1F-875C-60BF841C86DB}.Release|Any CPU.ActiveCfg = Release|Any CPU
		{2A4CEDB8-1F3F-4A1F-875C-60BF841C86DB}.Release|Any CPU.Build.0 = Release|Any CPU
	EndGlobalSection
	GlobalSection(SolutionProperties) = preSolution
		HideSolutionNode = FALSE
	EndGlobalSection
	GlobalSection(ExtensibilityGlobals) = postSolution
		SolutionGuid = {2F260C8D-A07B-433D-9483-7672E1050AB0}
	EndGlobalSection
EndGlobal
