
Microsoft Visual Studio Solution File, Format Version 12.00
# Visual Studio Version 17
VisualStudioVersion = 17.7.34018.315
MinimumVisualStudioVersion = 10.0.40219.1
Project("{FAE04EC0-301F-11D3-BF4B-00C04F79EFBC}") = "PeopleApp", "PeopleApp\PeopleApp.csproj", "{326C4212-6645-4E61-A4D4-791B78C16790}"
EndProject
Global
	GlobalSection(SolutionConfigurationPlatforms) = preSolution
		Debug|Any CPU = Debug|Any CPU
		Release|Any CPU = Release|Any CPU
	EndGlobalSection
	GlobalSection(ProjectConfigurationPlatforms) = postSolution
		{326C4212-6645-4E61-A4D4-791B78C16790}.Debug|Any CPU.ActiveCfg = Debug|Any CPU
		{326C4212-6645-4E61-A4D4-791B78C16790}.Debug|Any CPU.Build.0 = Debug|Any CPU
		{326C4212-6645-4E61-A4D4-791B78C16790}.Release|Any CPU.ActiveCfg = Release|Any CPU
		{326C4212-6645-4E61-A4D4-791B78C16790}.Release|Any CPU.Build.0 = Release|Any CPU
	EndGlobalSection
	GlobalSection(SolutionProperties) = preSolution
		HideSolutionNode = FALSE
	EndGlobalSection
	GlobalSection(ExtensibilityGlobals) = postSolution
		SolutionGuid = {7C02FB86-2172-42D2-9E7E-CEC150B060D8}
	EndGlobalSection
EndGlobal
